
Microsoft Visual Studio Solution File, Format Version 12.00
# Visual Studio Version 16
VisualStudioVersion = 16.0.30711.63
MinimumVisualStudioVersion = 10.0.40219.1
Project("{FAE04EC0-301F-11D3-BF4B-00C04F79EFBC}") = "PraticaWeb", "PraticaWeb.csproj", "{CAFED607-1D3A-4820-A1B7-5163704594B7}"
EndProject
Global
	GlobalSection(SolutionConfigurationPlatforms) = preSolution
		Debug|Any CPU = Debug|Any CPU
		Release|Any CPU = Release|Any CPU
	EndGlobalSection
	GlobalSection(ProjectConfigurationPlatforms) = postSolution
		{CAFED607-1D3A-4820-A1B7-5163704594B7}.Debug|Any CPU.ActiveCfg = Debug|Any CPU
		{CAFED607-1D3A-4820-A1B7-5163704594B7}.Debug|Any CPU.Build.0 = Debug|Any CPU
		{CAFED607-1D3A-4820-A1B7-5163704594B7}.Release|Any CPU.ActiveCfg = Release|Any CPU
		{CAFED607-1D3A-4820-A1B7-5163704594B7}.Release|Any CPU.Build.0 = Release|Any CPU
	EndGlobalSection
	GlobalSection(SolutionProperties) = preSolution
		HideSolutionNode = FALSE
	EndGlobalSection
	GlobalSection(ExtensibilityGlobals) = postSolution
		SolutionGuid = {F2E33212-9294-4DBF-A249-05D66E8D929B}
	EndGlobalSection
EndGlobal
